
Microsoft Visual Studio Solution File, Format Version 12.00
# Visual Studio Version 17
VisualStudioVersion = 17.8.34322.80
MinimumVisualStudioVersion = 10.0.40219.1
Project("{9A19103F-16F7-4668-BE54-9A1E7A4F7556}") = "Day1", "day1\Day1.csproj", "{5837388F-ECB1-4DBA-99E3-44D25C466E7C}"
EndProject
Project("{FAE04EC0-301F-11D3-BF4B-00C04F79EFBC}") = "Utility", "utility\Utility.csproj", "{6EC19B17-6283-4B85-B6ED-631E01225C94}"
EndProject
Project("{FAE04EC0-301F-11D3-BF4B-00C04F79EFBC}") = "Day2", "Day2\Day2.csproj", "{D9B94C77-2290-42FF-B090-B62986D7EB42}"
EndProject
Project("{FAE04EC0-301F-11D3-BF4B-00C04F79EFBC}") = "Day3", "Day3\Day3.csproj", "{8E6D5A34-457B-49F5-B91D-CC5587072F19}"
EndProject
Global
	GlobalSection(SolutionConfigurationPlatforms) = preSolution
		Debug|Any CPU = Debug|Any CPU
		Release|Any CPU = Release|Any CPU
	EndGlobalSection
	GlobalSection(ProjectConfigurationPlatforms) = postSolution
		{5837388F-ECB1-4DBA-99E3-44D25C466E7C}.Debug|Any CPU.ActiveCfg = Debug|Any CPU
		{5837388F-ECB1-4DBA-99E3-44D25C466E7C}.Debug|Any CPU.Build.0 = Debug|Any CPU
		{5837388F-ECB1-4DBA-99E3-44D25C466E7C}.Release|Any CPU.ActiveCfg = Release|Any CPU
		{5837388F-ECB1-4DBA-99E3-44D25C466E7C}.Release|Any CPU.Build.0 = Release|Any CPU
		{6EC19B17-6283-4B85-B6ED-631E01225C94}.Debug|Any CPU.ActiveCfg = Debug|Any CPU
		{6EC19B17-6283-4B85-B6ED-631E01225C94}.Debug|Any CPU.Build.0 = Debug|Any CPU
		{6EC19B17-6283-4B85-B6ED-631E01225C94}.Release|Any CPU.ActiveCfg = Release|Any CPU
		{6EC19B17-6283-4B85-B6ED-631E01225C94}.Release|Any CPU.Build.0 = Release|Any CPU
		{D9B94C77-2290-42FF-B090-B62986D7EB42}.Debug|Any CPU.ActiveCfg = Debug|Any CPU
		{D9B94C77-2290-42FF-B090-B62986D7EB42}.Debug|Any CPU.Build.0 = Debug|Any CPU
		{D9B94C77-2290-42FF-B090-B62986D7EB42}.Release|Any CPU.ActiveCfg = Release|Any CPU
		{D9B94C77-2290-42FF-B090-B62986D7EB42}.Release|Any CPU.Build.0 = Release|Any CPU
		{8E6D5A34-457B-49F5-B91D-CC5587072F19}.Debug|Any CPU.ActiveCfg = Debug|Any CPU
		{8E6D5A34-457B-49F5-B91D-CC5587072F19}.Debug|Any CPU.Build.0 = Debug|Any CPU
		{8E6D5A34-457B-49F5-B91D-CC5587072F19}.Release|Any CPU.ActiveCfg = Release|Any CPU
		{8E6D5A34-457B-49F5-B91D-CC5587072F19}.Release|Any CPU.Build.0 = Release|Any CPU
	EndGlobalSection
	GlobalSection(SolutionProperties) = preSolution
		HideSolutionNode = FALSE
	EndGlobalSection
	GlobalSection(ExtensibilityGlobals) = postSolution
		SolutionGuid = {83C49150-C9AD-431B-8C48-365346E9A5AB}
	EndGlobalSection
EndGlobal
